
Microsoft Visual Studio Solution File, Format Version 12.00
# Visual Studio 14
VisualStudioVersion = 14.0.24720.0
MinimumVisualStudioVersion = 10.0.40219.1
Project("{8BB2217D-0F2D-49D1-97BC-3654ED321F3B}") = "AdminConsole", "AdminConsole\AdminConsole.xproj", "{8A7F75EB-1B1D-4E9D-8421-1EB2E457B0DA}"
EndProject
Project("{FAE04EC0-301F-11D3-BF4B-00C04F79EFBC}") = "CheckoutConsole", "CheckoutConsole\CheckoutConsole.csproj", "{F10472D6-3AF7-4D44-BA07-8B9A36E922B0}"
EndProject
Project("{8BB2217D-0F2D-49D1-97BC-3654ED321F3B}") = "AdminConsoleTest", "..\test\AdminConsoleTest\AdminConsoleTest.xproj", "{000F1F7E-275C-4177-8C03-42A6E4D97EEB}"
EndProject
Project("{2150E333-8FDC-42A3-9474-1A3956D46DE8}") = "test", "test", "{9AEF9FD8-C797-4DC6-9FC4-03BAAD760771}"
EndProject
Project("{2150E333-8FDC-42A3-9474-1A3956D46DE8}") = "Solution Items", "Solution Items", "{9C31566E-4CC5-40C0-AD0C-BF8C383DC975}"
	ProjectSection(SolutionItems) = preProject
		..\.gitignore = ..\.gitignore
		..\global.json = ..\global.json
		..\readme.md = ..\readme.md
	EndProjectSection
EndProject
Project("{FAE04EC0-301F-11D3-BF4B-00C04F79EFBC}") = "CheckoutConsoleTests", "..\test\CheckoutConsoleTests\CheckoutConsoleTests.csproj", "{E89889DB-7D97-4DFB-9CE9-70AE8D478101}"
EndProject
Global
	GlobalSection(SolutionConfigurationPlatforms) = preSolution
		Debug|Any CPU = Debug|Any CPU
		Release|Any CPU = Release|Any CPU
	EndGlobalSection
	GlobalSection(ProjectConfigurationPlatforms) = postSolution
		{8A7F75EB-1B1D-4E9D-8421-1EB2E457B0DA}.Debug|Any CPU.ActiveCfg = Debug|Any CPU
		{8A7F75EB-1B1D-4E9D-8421-1EB2E457B0DA}.Debug|Any CPU.Build.0 = Debug|Any CPU
		{8A7F75EB-1B1D-4E9D-8421-1EB2E457B0DA}.Release|Any CPU.ActiveCfg = Release|Any CPU
		{8A7F75EB-1B1D-4E9D-8421-1EB2E457B0DA}.Release|Any CPU.Build.0 = Release|Any CPU
		{F10472D6-3AF7-4D44-BA07-8B9A36E922B0}.Debug|Any CPU.ActiveCfg = Debug|Any CPU
		{F10472D6-3AF7-4D44-BA07-8B9A36E922B0}.Debug|Any CPU.Build.0 = Debug|Any CPU
		{F10472D6-3AF7-4D44-BA07-8B9A36E922B0}.Release|Any CPU.ActiveCfg = Release|Any CPU
		{F10472D6-3AF7-4D44-BA07-8B9A36E922B0}.Release|Any CPU.Build.0 = Release|Any CPU
		{000F1F7E-275C-4177-8C03-42A6E4D97EEB}.Debug|Any CPU.ActiveCfg = Debug|Any CPU
		{000F1F7E-275C-4177-8C03-42A6E4D97EEB}.Debug|Any CPU.Build.0 = Debug|Any CPU
		{000F1F7E-275C-4177-8C03-42A6E4D97EEB}.Release|Any CPU.ActiveCfg = Release|Any CPU
		{000F1F7E-275C-4177-8C03-42A6E4D97EEB}.Release|Any CPU.Build.0 = Release|Any CPU
		{E89889DB-7D97-4DFB-9CE9-70AE8D478101}.Debug|Any CPU.ActiveCfg = Debug|Any CPU
		{E89889DB-7D97-4DFB-9CE9-70AE8D478101}.Debug|Any CPU.Build.0 = Debug|Any CPU
		{E89889DB-7D97-4DFB-9CE9-70AE8D478101}.Release|Any CPU.ActiveCfg = Release|Any CPU
		{E89889DB-7D97-4DFB-9CE9-70AE8D478101}.Release|Any CPU.Build.0 = Release|Any CPU
	EndGlobalSection
	GlobalSection(SolutionProperties) = preSolution
		HideSolutionNode = FALSE
	EndGlobalSection
	GlobalSection(NestedProjects) = preSolution
		{000F1F7E-275C-4177-8C03-42A6E4D97EEB} = {9AEF9FD8-C797-4DC6-9FC4-03BAAD760771}
		{E89889DB-7D97-4DFB-9CE9-70AE8D478101} = {9AEF9FD8-C797-4DC6-9FC4-03BAAD760771}
	EndGlobalSection
EndGlobal
